
Microsoft Visual Studio Solution File, Format Version 12.00
# Visual Studio Version 17
VisualStudioVersion = 17.6.33815.320
MinimumVisualStudioVersion = 10.0.40219.1
Project("{FAE04EC0-301F-11D3-BF4B-00C04F79EFBC}") = "AD Users Finder", "AD Users Finder\AD Users Finder.csproj", "{06DCED89-8A54-4B49-8E30-8350088B104F}"
EndProject
Global
	GlobalSection(SolutionConfigurationPlatforms) = preSolution
		Debug|Any CPU = Debug|Any CPU
		Release|Any CPU = Release|Any CPU
	EndGlobalSection
	GlobalSection(ProjectConfigurationPlatforms) = postSolution
		{06DCED89-8A54-4B49-8E30-8350088B104F}.Debug|Any CPU.ActiveCfg = Debug|Any CPU
		{06DCED89-8A54-4B49-8E30-8350088B104F}.Debug|Any CPU.Build.0 = Debug|Any CPU
		{06DCED89-8A54-4B49-8E30-8350088B104F}.Release|Any CPU.ActiveCfg = Release|Any CPU
		{06DCED89-8A54-4B49-8E30-8350088B104F}.Release|Any CPU.Build.0 = Release|Any CPU
	EndGlobalSection
	GlobalSection(SolutionProperties) = preSolution
		HideSolutionNode = FALSE
	EndGlobalSection
	GlobalSection(ExtensibilityGlobals) = postSolution
		SolutionGuid = {3694D0E6-CEFA-4ED9-8804-3A35880B3DF3}
	EndGlobalSection
EndGlobal
